{
  "name": "@rbxts/PathGenUtils",
  "version": "1.0.0",
  "lockfileVersion": 1,
  "requires": true,
  "dependencies": {
    "@rbxts/t": {
      "version": "1.2.2",
      "resolved": "https://registry.npmjs.org/@rbxts/t/-/t-1.2.2.tgz",
      "integrity": "sha512-JA7Fdne8z6eoszOxJ9XECi1YaKRZEr+ZTovg2oKOn6MYohojl6ySnHFPklWo+y9a87fi1YdZy2Qu5yfop/pq5A==",
      "requires": {
        "@rbxts/types": "^1.0.232"
      }
    },
    "@rbxts/types": {
      "version": "1.0.235",
      "resolved": "https://registry.npmjs.org/@rbxts/types/-/types-1.0.235.tgz",
      "integrity": "sha512-6mHaM/el5/xHuzq1ECjXRuPq8iFsfO/7x7FoTdICD6b3ABUgvcOsNx+2txS2+MiE3QAGkMdybWS7RJ+slp9APQ=="
    }
  }
}
